# This file is automatically @generated by Cargo.
# It is not intended for manual editing.
[[package]]
name = "azul"
version = "0.1.0"
source = "registry+https://github.com/rust-lang/crates.io-index"

[[package]]
name = "roxmltree"
version = "0.7.0"
source = "registry+https://github.com/rust-lang/crates.io-index"
dependencies = [
 "xmlparser 0.9.0 (registry+https://github.com/rust-lang/crates.io-index)",
]

[[package]]
name = "space_engineers_calc"
version = "0.1.0"
dependencies = [
 "azul 0.1.0 (registry+https://github.com/rust-lang/crates.io-index)",
 "roxmltree 0.7.0 (registry+https://github.com/rust-lang/crates.io-index)",
]

[[package]]
name = "xmlparser"
version = "0.9.0"
source = "registry+https://github.com/rust-lang/crates.io-index"

[metadata]
"checksum azul 0.1.0 (registry+https://github.com/rust-lang/crates.io-index)" = "18fb4e58c0e0b008e7c9f6c88283e35a7e55c765bbfd43c4e5cddf4b87b68758"
"checksum roxmltree 0.7.0 (registry+https://github.com/rust-lang/crates.io-index)" = "153c367ce9fb8ef7afe637ef92bd083ba0f88b03ef3fcf0287d40be05ae0a61c"
"checksum xmlparser 0.9.0 (registry+https://github.com/rust-lang/crates.io-index)" = "ecec95f00fb0ff019153e64ea520f87d1409769db3e8f4db3ea588638a3e1cee"
